
Microsoft Visual Studio Solution File, Format Version 12.00
# Visual Studio Version 17
VisualStudioVersion = 17.13.35825.156 d17.13
MinimumVisualStudioVersion = 10.0.40219.1
Project("{FAE04EC0-301F-11D3-BF4B-00C04F79EFBC}") = "Besho.PL", "Besho.PL\Besho.PL.csproj", "{A50372A5-F767-435B-93E2-7D4894824671}"
EndProject
Project("{FAE04EC0-301F-11D3-BF4B-00C04F79EFBC}") = "Besho.BLL", "Besho.BLL\Besho.BLL.csproj", "{34C270BB-2599-4B3B-B0F3-4DA3F9B1F079}"
EndProject
Project("{FAE04EC0-301F-11D3-BF4B-00C04F79EFBC}") = "Besho.DAL", "Besho.DAL\Besho.DAL.csproj", "{04F7BF76-DAB5-444E-89D3-46ABF8D2DBE0}"
EndProject
Global
	GlobalSection(SolutionConfigurationPlatforms) = preSolution
		Debug|Any CPU = Debug|Any CPU
		Release|Any CPU = Release|Any CPU
	EndGlobalSection
	GlobalSection(ProjectConfigurationPlatforms) = postSolution
		{A50372A5-F767-435B-93E2-7D4894824671}.Debug|Any CPU.ActiveCfg = Debug|Any CPU
		{A50372A5-F767-435B-93E2-7D4894824671}.Debug|Any CPU.Build.0 = Debug|Any CPU
		{A50372A5-F767-435B-93E2-7D4894824671}.Release|Any CPU.ActiveCfg = Release|Any CPU
		{A50372A5-F767-435B-93E2-7D4894824671}.Release|Any CPU.Build.0 = Release|Any CPU
		{34C270BB-2599-4B3B-B0F3-4DA3F9B1F079}.Debug|Any CPU.ActiveCfg = Debug|Any CPU
		{34C270BB-2599-4B3B-B0F3-4DA3F9B1F079}.Debug|Any CPU.Build.0 = Debug|Any CPU
		{34C270BB-2599-4B3B-B0F3-4DA3F9B1F079}.Release|Any CPU.ActiveCfg = Release|Any CPU
		{34C270BB-2599-4B3B-B0F3-4DA3F9B1F079}.Release|Any CPU.Build.0 = Release|Any CPU
		{04F7BF76-DAB5-444E-89D3-46ABF8D2DBE0}.Debug|Any CPU.ActiveCfg = Debug|Any CPU
		{04F7BF76-DAB5-444E-89D3-46ABF8D2DBE0}.Debug|Any CPU.Build.0 = Debug|Any CPU
		{04F7BF76-DAB5-444E-89D3-46ABF8D2DBE0}.Release|Any CPU.ActiveCfg = Release|Any CPU
		{04F7BF76-DAB5-444E-89D3-46ABF8D2DBE0}.Release|Any CPU.Build.0 = Release|Any CPU
	EndGlobalSection
	GlobalSection(SolutionProperties) = preSolution
		HideSolutionNode = FALSE
	EndGlobalSection
	GlobalSection(ExtensibilityGlobals) = postSolution
		SolutionGuid = {1739E0ED-A190-45DB-84BA-CF830508F4B9}
	EndGlobalSection
EndGlobal
